
Microsoft Visual Studio Solution File, Format Version 12.00
# Visual Studio Version 16
VisualStudioVersion = 16.0.28803.352
MinimumVisualStudioVersion = 10.0.40219.1
Project("{FAE04EC0-301F-11D3-BF4B-00C04F79EFBC}") = "EscuelaTCSDB", "EscuelaTCSDB\EscuelaTCSDB.csproj", "{71579DAC-D487-4CE9-BAA0-1E807B673E3A}"
EndProject
Project("{FAE04EC0-301F-11D3-BF4B-00C04F79EFBC}") = "EscuelaTCSDB.Tests", "EscuelaTCSDB.Tests\EscuelaTCSDB.Tests.csproj", "{77BC0C68-E7EC-46D9-9700-C52CCC744589}"
EndProject
Global
	GlobalSection(SolutionConfigurationPlatforms) = preSolution
		Debug|Any CPU = Debug|Any CPU
		Release|Any CPU = Release|Any CPU
		Unit|Any CPU = Unit|Any CPU
	EndGlobalSection
	GlobalSection(ProjectConfigurationPlatforms) = postSolution
		{71579DAC-D487-4CE9-BAA0-1E807B673E3A}.Debug|Any CPU.ActiveCfg = Debug|Any CPU
		{71579DAC-D487-4CE9-BAA0-1E807B673E3A}.Debug|Any CPU.Build.0 = Debug|Any CPU
		{71579DAC-D487-4CE9-BAA0-1E807B673E3A}.Release|Any CPU.ActiveCfg = Release|Any CPU
		{71579DAC-D487-4CE9-BAA0-1E807B673E3A}.Release|Any CPU.Build.0 = Release|Any CPU
		{71579DAC-D487-4CE9-BAA0-1E807B673E3A}.Unit|Any CPU.ActiveCfg = Unit|Any CPU
		{71579DAC-D487-4CE9-BAA0-1E807B673E3A}.Unit|Any CPU.Build.0 = Unit|Any CPU
		{77BC0C68-E7EC-46D9-9700-C52CCC744589}.Debug|Any CPU.ActiveCfg = Debug|Any CPU
		{77BC0C68-E7EC-46D9-9700-C52CCC744589}.Debug|Any CPU.Build.0 = Debug|Any CPU
		{77BC0C68-E7EC-46D9-9700-C52CCC744589}.Release|Any CPU.ActiveCfg = Release|Any CPU
		{77BC0C68-E7EC-46D9-9700-C52CCC744589}.Release|Any CPU.Build.0 = Release|Any CPU
		{77BC0C68-E7EC-46D9-9700-C52CCC744589}.Unit|Any CPU.ActiveCfg = Unit|Any CPU
		{77BC0C68-E7EC-46D9-9700-C52CCC744589}.Unit|Any CPU.Build.0 = Unit|Any CPU
	EndGlobalSection
	GlobalSection(SolutionProperties) = preSolution
		HideSolutionNode = FALSE
	EndGlobalSection
	GlobalSection(ExtensibilityGlobals) = postSolution
		SolutionGuid = {0AED3262-701A-4B2A-800D-6EDCD410E828}
	EndGlobalSection
EndGlobal
